
Microsoft Visual Studio Solution File, Format Version 12.00
# Visual Studio Version 17
VisualStudioVersion = 17.4.33110.190
MinimumVisualStudioVersion = 10.0.40219.1
Project("{FAE04EC0-301F-11D3-BF4B-00C04F79EFBC}") = "AoC2022", "AoC2022\AoC2022.csproj", "{F26B441A-FF31-4AF5-B72C-E55591D552E0}"
EndProject
Global
	GlobalSection(SolutionConfigurationPlatforms) = preSolution
		Debug|Any CPU = Debug|Any CPU
		Release|Any CPU = Release|Any CPU
	EndGlobalSection
	GlobalSection(ProjectConfigurationPlatforms) = postSolution
		{F26B441A-FF31-4AF5-B72C-E55591D552E0}.Debug|Any CPU.ActiveCfg = Debug|Any CPU
		{F26B441A-FF31-4AF5-B72C-E55591D552E0}.Debug|Any CPU.Build.0 = Debug|Any CPU
		{F26B441A-FF31-4AF5-B72C-E55591D552E0}.Release|Any CPU.ActiveCfg = Release|Any CPU
		{F26B441A-FF31-4AF5-B72C-E55591D552E0}.Release|Any CPU.Build.0 = Release|Any CPU
	EndGlobalSection
	GlobalSection(SolutionProperties) = preSolution
		HideSolutionNode = FALSE
	EndGlobalSection
	GlobalSection(ExtensibilityGlobals) = postSolution
		SolutionGuid = {989AF25A-70C5-4D23-9118-A98E14DA97E0}
	EndGlobalSection
EndGlobal
